
Microsoft Visual Studio Solution File, Format Version 12.00
# Visual Studio Version 17
VisualStudioVersion = 17.14.36915.13 d17.14
MinimumVisualStudioVersion = 10.0.40219.1
Project("{FAE04EC0-301F-11D3-BF4B-00C04F79EFBC}") = "ChatVerse", "ChatVerse\ChatVerse.csproj", "{C4C07096-E3FA-4D2A-B68F-D92FFD016812}"
EndProject
Global
	GlobalSection(SolutionConfigurationPlatforms) = preSolution
		Debug|Any CPU = Debug|Any CPU
		Release|Any CPU = Release|Any CPU
	EndGlobalSection
	GlobalSection(ProjectConfigurationPlatforms) = postSolution
		{C4C07096-E3FA-4D2A-B68F-D92FFD016812}.Debug|Any CPU.ActiveCfg = Debug|Any CPU
		{C4C07096-E3FA-4D2A-B68F-D92FFD016812}.Debug|Any CPU.Build.0 = Debug|Any CPU
		{C4C07096-E3FA-4D2A-B68F-D92FFD016812}.Release|Any CPU.ActiveCfg = Release|Any CPU
		{C4C07096-E3FA-4D2A-B68F-D92FFD016812}.Release|Any CPU.Build.0 = Release|Any CPU
	EndGlobalSection
	GlobalSection(SolutionProperties) = preSolution
		HideSolutionNode = FALSE
	EndGlobalSection
	GlobalSection(ExtensibilityGlobals) = postSolution
		SolutionGuid = {2D6EEE07-D59B-44A7-BCFB-DA0860CDCCE5}
	EndGlobalSection
EndGlobal
